
Microsoft Visual Studio Solution File, Format Version 12.00
# Visual Studio Version 17
VisualStudioVersion = 17.7.34031.279
MinimumVisualStudioVersion = 10.0.40219.1
Project("{FAE04EC0-301F-11D3-BF4B-00C04F79EFBC}") = "Sum of Digits Digital Root", "Sum of Digits Digital Root\Sum of Digits Digital Root.csproj", "{0999DBE0-A7A8-48E0-8821-D1CD6385DBA7}"
EndProject
Project("{2150E333-8FDC-42A3-9474-1A3956D46DE8}") = "Solution Items", "Solution Items", "{A03775CE-FA3D-4B1B-B7BC-2F77894DE8EF}"
	ProjectSection(SolutionItems) = preProject
		Instructions.txt = Instructions.txt
	EndProjectSection
EndProject
Global
	GlobalSection(SolutionConfigurationPlatforms) = preSolution
		Debug|Any CPU = Debug|Any CPU
		Release|Any CPU = Release|Any CPU
	EndGlobalSection
	GlobalSection(ProjectConfigurationPlatforms) = postSolution
		{0999DBE0-A7A8-48E0-8821-D1CD6385DBA7}.Debug|Any CPU.ActiveCfg = Debug|Any CPU
		{0999DBE0-A7A8-48E0-8821-D1CD6385DBA7}.Debug|Any CPU.Build.0 = Debug|Any CPU
		{0999DBE0-A7A8-48E0-8821-D1CD6385DBA7}.Release|Any CPU.ActiveCfg = Release|Any CPU
		{0999DBE0-A7A8-48E0-8821-D1CD6385DBA7}.Release|Any CPU.Build.0 = Release|Any CPU
	EndGlobalSection
	GlobalSection(SolutionProperties) = preSolution
		HideSolutionNode = FALSE
	EndGlobalSection
	GlobalSection(ExtensibilityGlobals) = postSolution
		SolutionGuid = {32949D4F-DF40-4EB2-9BD5-DBC0ADD7EE43}
	EndGlobalSection
EndGlobal
